{
    "name": "lb-picker选择器",
    "version": "v1.2.0",
    "lockfileVersion": 1,
    "requires": true,
    "dependencies": {
        "lodash": {
            "version": "4.17.21",
            "resolved": "https://registry.npmjs.org/lodash/-/lodash-4.17.21.tgz",
            "integrity": "sha512-v2kDEe57lecTulaDIuNTPy3Ry4gLGJ6Z1O3vE1krgXZNrsQ+LFTGHVxVjcXPs17LhbZVGedAJv8XZ1tvj5FvSg=="
        },
        "mpvue-picker": {
            "version": "2.1.6",
            "resolved": "https://registry.npmjs.org/mpvue-picker/-/mpvue-picker-2.1.6.tgz",
            "integrity": "sha512-qm4sAw8uFfwIl6CBSyKWij8OcAcLntag3acqeYJy4TgNjaANOrZMx8UaA9dY+NZOrLmFJL/rZwxWKd3rg3O7dA=="
        }
    }
}
